{
  "name": "themes",
  "lockfileVersion": 3,
  "requires": true,
  "packages": {
    "": {
      "dependencies": {
        "@vivliostyle/theme-base": "^2.0.0"
      }
    },
    "node_modules/@vivliostyle/theme-base": {
      "version": "2.0.0",
      "resolved": "https://registry.npmjs.org/@vivliostyle/theme-base/-/theme-base-2.0.0.tgz",
      "integrity": "sha512-SO7clBvsj9j7t/x8shu0yuCHMKrubEGKRyWrhG2SrPskf30VC8HEvbpubsi/UiGz1AV1tsei5W6lP97khXK4bg==",
      "license": "CC0-1.0",
      "peerDependencies": {
        "@vivliostyle/cli": ">=7"
      },
      "peerDependenciesMeta": {
        "@vivliostyle/cli": {
          "optional": true
        }
      }
    }
  }
}
