{
  "name": "themes",
  "lockfileVersion": 3,
  "requires": true,
  "packages": {
    "": {
      "dependencies": {
        "content-style": "file:../../css/content-style",
        "section-title": "file:../../css/section-title"
      }
    },
    "../../css/content-style": {},
    "../../css/section-title": {},
    "node_modules/content-style": {
      "resolved": "../../css/content-style",
      "link": true
    },
    "node_modules/section-title": {
      "resolved": "../../css/section-title",
      "link": true
    }
  }
}
